
Microsoft Visual Studio Solution File, Format Version 12.00
# Visual Studio Version 17
VisualStudioVersion = 17.7.34009.444
MinimumVisualStudioVersion = 10.0.40219.1
Project("{FAE04EC0-301F-11D3-BF4B-00C04F79EFBC}") = "Softwar2", "Softwar2\Softwar2.csproj", "{9B1E4D3A-FC0E-4F64-A220-DDFF5361AF1C}"
EndProject
Global
	GlobalSection(SolutionConfigurationPlatforms) = preSolution
		Debug|Any CPU = Debug|Any CPU
		Release|Any CPU = Release|Any CPU
	EndGlobalSection
	GlobalSection(ProjectConfigurationPlatforms) = postSolution
		{9B1E4D3A-FC0E-4F64-A220-DDFF5361AF1C}.Debug|Any CPU.ActiveCfg = Debug|Any CPU
		{9B1E4D3A-FC0E-4F64-A220-DDFF5361AF1C}.Debug|Any CPU.Build.0 = Debug|Any CPU
		{9B1E4D3A-FC0E-4F64-A220-DDFF5361AF1C}.Release|Any CPU.ActiveCfg = Release|Any CPU
		{9B1E4D3A-FC0E-4F64-A220-DDFF5361AF1C}.Release|Any CPU.Build.0 = Release|Any CPU
	EndGlobalSection
	GlobalSection(SolutionProperties) = preSolution
		HideSolutionNode = FALSE
	EndGlobalSection
	GlobalSection(ExtensibilityGlobals) = postSolution
		SolutionGuid = {3B9926F5-0320-41A6-B793-2240101485DE}
	EndGlobalSection
EndGlobal
